
Microsoft Visual Studio Solution File, Format Version 12.00
# Visual Studio Version 17
VisualStudioVersion = 17.0.32014.148
MinimumVisualStudioVersion = 10.0.40219.1
Project("{FAE04EC0-301F-11D3-BF4B-00C04F79EFBC}") = "Polymor_und_Vererbung", "Polymor_und_Vererbung\Polymor_und_Vererbung.csproj", "{EE7E2E4F-2A91-4E73-9CA1-CCDB784A569E}"
EndProject
Global
	GlobalSection(SolutionConfigurationPlatforms) = preSolution
		Debug|Any CPU = Debug|Any CPU
		Release|Any CPU = Release|Any CPU
	EndGlobalSection
	GlobalSection(ProjectConfigurationPlatforms) = postSolution
		{EE7E2E4F-2A91-4E73-9CA1-CCDB784A569E}.Debug|Any CPU.ActiveCfg = Debug|Any CPU
		{EE7E2E4F-2A91-4E73-9CA1-CCDB784A569E}.Debug|Any CPU.Build.0 = Debug|Any CPU
		{EE7E2E4F-2A91-4E73-9CA1-CCDB784A569E}.Release|Any CPU.ActiveCfg = Release|Any CPU
		{EE7E2E4F-2A91-4E73-9CA1-CCDB784A569E}.Release|Any CPU.Build.0 = Release|Any CPU
	EndGlobalSection
	GlobalSection(SolutionProperties) = preSolution
		HideSolutionNode = FALSE
	EndGlobalSection
	GlobalSection(ExtensibilityGlobals) = postSolution
		SolutionGuid = {BD5B5D22-0CBC-45DF-A78C-17CB784FABB7}
	EndGlobalSection
EndGlobal
