
Microsoft Visual Studio Solution File, Format Version 12.00
# Visual Studio Version 16
VisualStudioVersion = 16.0.30114.105
MinimumVisualStudioVersion = 10.0.40219.1
Project("{FAE04EC0-301F-11D3-BF4B-00C04F79EFBC}") = "Arrayslist", "Arrayslist\Arrayslist.csproj", "{45E414EB-DEDB-419C-8843-5D11028E3C0F}"
EndProject
Global
	GlobalSection(SolutionConfigurationPlatforms) = preSolution
		Debug|Any CPU = Debug|Any CPU
		Release|Any CPU = Release|Any CPU
	EndGlobalSection
	GlobalSection(ProjectConfigurationPlatforms) = postSolution
		{45E414EB-DEDB-419C-8843-5D11028E3C0F}.Debug|Any CPU.ActiveCfg = Debug|Any CPU
		{45E414EB-DEDB-419C-8843-5D11028E3C0F}.Debug|Any CPU.Build.0 = Debug|Any CPU
		{45E414EB-DEDB-419C-8843-5D11028E3C0F}.Release|Any CPU.ActiveCfg = Release|Any CPU
		{45E414EB-DEDB-419C-8843-5D11028E3C0F}.Release|Any CPU.Build.0 = Release|Any CPU
	EndGlobalSection
	GlobalSection(SolutionProperties) = preSolution
		HideSolutionNode = FALSE
	EndGlobalSection
	GlobalSection(ExtensibilityGlobals) = postSolution
		SolutionGuid = {AA19F847-ED08-44A2-A1AE-50B37BA0AACC}
	EndGlobalSection
EndGlobal
