
Microsoft Visual Studio Solution File, Format Version 12.00
# Visual Studio Version 16
VisualStudioVersion = 16.0.30114.105
MinimumVisualStudioVersion = 10.0.40219.1
Project("{FAE04EC0-301F-11D3-BF4B-00C04F79EFBC}") = "Artikel verwaltung", "Artikel verwaltung\Artikel verwaltung.csproj", "{D34DC8F4-6E53-487C-9C16-40D0DB3A3BB8}"
EndProject
Global
	GlobalSection(SolutionConfigurationPlatforms) = preSolution
		Debug|Any CPU = Debug|Any CPU
		Release|Any CPU = Release|Any CPU
	EndGlobalSection
	GlobalSection(ProjectConfigurationPlatforms) = postSolution
		{D34DC8F4-6E53-487C-9C16-40D0DB3A3BB8}.Debug|Any CPU.ActiveCfg = Debug|Any CPU
		{D34DC8F4-6E53-487C-9C16-40D0DB3A3BB8}.Debug|Any CPU.Build.0 = Debug|Any CPU
		{D34DC8F4-6E53-487C-9C16-40D0DB3A3BB8}.Release|Any CPU.ActiveCfg = Release|Any CPU
		{D34DC8F4-6E53-487C-9C16-40D0DB3A3BB8}.Release|Any CPU.Build.0 = Release|Any CPU
	EndGlobalSection
	GlobalSection(SolutionProperties) = preSolution
		HideSolutionNode = FALSE
	EndGlobalSection
	GlobalSection(ExtensibilityGlobals) = postSolution
		SolutionGuid = {F43CE353-D5BD-47C9-85E7-5CC888889BF0}
	EndGlobalSection
EndGlobal
